
Microsoft Visual Studio Solution File, Format Version 12.00
# Visual Studio Version 17
VisualStudioVersion = 17.1.32421.90
MinimumVisualStudioVersion = 10.0.40219.1
Project("{9A19103F-16F7-4668-BE54-9A1E7A4F7556}") = "Chapter", "Chapter\Chapter.csproj", "{AD900632-991A-4C8F-9728-524B868BCBCA}"
EndProject
Project("{FAE04EC0-301F-11D3-BF4B-00C04F79EFBC}") = "TestXunit", "TestXunit\TestXunit.csproj", "{35F1201B-A058-4A13-BA51-83C03986C1D1}"
EndProject
Global
	GlobalSection(SolutionConfigurationPlatforms) = preSolution
		Debug|Any CPU = Debug|Any CPU
		Release|Any CPU = Release|Any CPU
	EndGlobalSection
	GlobalSection(ProjectConfigurationPlatforms) = postSolution
		{AD900632-991A-4C8F-9728-524B868BCBCA}.Debug|Any CPU.ActiveCfg = Debug|Any CPU
		{AD900632-991A-4C8F-9728-524B868BCBCA}.Debug|Any CPU.Build.0 = Debug|Any CPU
		{AD900632-991A-4C8F-9728-524B868BCBCA}.Release|Any CPU.ActiveCfg = Release|Any CPU
		{AD900632-991A-4C8F-9728-524B868BCBCA}.Release|Any CPU.Build.0 = Release|Any CPU
		{35F1201B-A058-4A13-BA51-83C03986C1D1}.Debug|Any CPU.ActiveCfg = Debug|Any CPU
		{35F1201B-A058-4A13-BA51-83C03986C1D1}.Debug|Any CPU.Build.0 = Debug|Any CPU
		{35F1201B-A058-4A13-BA51-83C03986C1D1}.Release|Any CPU.ActiveCfg = Release|Any CPU
		{35F1201B-A058-4A13-BA51-83C03986C1D1}.Release|Any CPU.Build.0 = Release|Any CPU
	EndGlobalSection
	GlobalSection(SolutionProperties) = preSolution
		HideSolutionNode = FALSE
	EndGlobalSection
	GlobalSection(ExtensibilityGlobals) = postSolution
		SolutionGuid = {F7613A16-8A78-4D18-AFDB-186FDD27A814}
	EndGlobalSection
EndGlobal
